{
  "nodes": {
    "btop-config": {
      "flake": false,
      "locked": {
        "lastModified": 1768420513,
        "narHash": "sha256-zzZ/GC3eJ6b8tanjGO4GbfxejQsz+uoGkWEOzFSP2Go=",
        "owner": "Redskaber",
        "repo": "btop-config",
        "rev": "cdcc36d339d9aacaa6cbcaa2e3b525b81a3fac5a",
        "type": "github"
      },
      "original": {
        "owner": "Redskaber",
        "repo": "btop-config",
        "type": "github"
      }
    },
    "cava-config": {
      "flake": false,
      "locked": {
        "lastModified": 1768420419,
        "narHash": "sha256-YN113DgUescSWuHz38cM2bBONTQ0WIPbQQMooFam0Xk=",
        "owner": "Redskaber",
        "repo": "cava-config",
        "rev": "204992153d755037851a3ad051e6fa684cad01f7",
        "type": "github"
      },
      "original": {
        "owner": "Redskaber",
        "repo": "cava-config",
        "type": "github"
      }
    },
    "fastfetch-config": {
      "flake": false,
      "locked": {
        "lastModified": 1767973027,
        "narHash": "sha256-R/C8wthZXj9rYXvgKPThFUccdjyq/U8lVo8wsWI7W7c=",
        "owner": "Redskaber",
        "repo": "fastfetch-config",
        "rev": "88695d44ac52406f84ae00341d1e35565711c636",
        "type": "github"
      },
      "original": {
        "owner": "Redskaber",
        "repo": "fastfetch-config",
        "type": "github"
      }
    },
    "flake-parts": {
      "inputs": {
        "nixpkgs-lib": [
          "nur",
          "nixpkgs"
        ]
      },
      "locked": {
        "lastModified": 1733312601,
        "narHash": "sha256-4pDvzqnegAfRkPwO3wmwBhVi/Sye1mzps0zHWYnP88c=",
        "owner": "hercules-ci",
        "repo": "flake-parts",
        "rev": "205b12d8b7cd4802fbcb8e8ef6a0f1408781a4f9",
        "type": "github"
      },
      "original": {
        "owner": "hercules-ci",
        "repo": "flake-parts",
        "type": "github"
      }
    },
    "flake-utils": {
      "inputs": {
        "systems": "systems"
      },
      "locked": {
        "lastModified": 1731533236,
        "narHash": "sha256-l0KFg5HjrsfsO/JpG+r7fRrqm12kzFHyUHqHCVpMMbI=",
        "owner": "numtide",
        "repo": "flake-utils",
        "rev": "11707dc2f618dd54ca8739b309ec4fc024de578b",
        "type": "github"
      },
      "original": {
        "owner": "numtide",
        "repo": "flake-utils",
        "type": "github"
      }
    },
    "home-manager": {
      "inputs": {
        "nixpkgs": [
          "nixpkgs"
        ]
      },
      "locked": {
        "lastModified": 1768603898,
        "narHash": "sha256-vRV1dWJOCpCal3PRr86wE2WTOMfAhTu6G7bSvOsryUo=",
        "owner": "nix-community",
        "repo": "home-manager",
        "rev": "2a63d0e9d2c72ac4d4150ebb242cf8d86f488c8c",
        "type": "github"
      },
      "original": {
        "owner": "nix-community",
        "ref": "release-25.11",
        "repo": "home-manager",
        "type": "github"
      }
    },
    "hypr-config": {
      "flake": false,
      "locked": {
        "lastModified": 1768509493,
        "narHash": "sha256-KDSmSFkx/CvdMrHhErggnx+/h3p7T+FZr5LyCS5haFI=",
        "owner": "Redskaber",
        "repo": "hypr-config",
        "rev": "aca99834fa239df8ef45a441fa30aec1ecf248b9",
        "type": "github"
      },
      "original": {
        "owner": "Redskaber",
        "repo": "hypr-config",
        "type": "github"
      }
    },
    "kitty-config": {
      "flake": false,
      "locked": {
        "lastModified": 1768766819,
        "narHash": "sha256-mClAcAhrjkMX7zrtIxOu4yYKLU/9qWU1yiXsoYjzlo8=",
        "owner": "Redskaber",
        "repo": "kitty-config",
        "rev": "85c5db27511b8792052f6ac394ce9db81cd4ce77",
        "type": "github"
      },
      "original": {
        "owner": "Redskaber",
        "repo": "kitty-config",
        "type": "github"
      }
    },
    "nixgl": {
      "inputs": {
        "flake-utils": "flake-utils",
        "nixpkgs": [
          "nixpkgs"
        ]
      },
      "locked": {
        "lastModified": 1762090880,
        "narHash": "sha256-fbRQzIGPkjZa83MowjbD2ALaJf9y6KMDdJBQMKFeY/8=",
        "owner": "nix-community",
        "repo": "nixGL",
        "rev": "b6105297e6f0cd041670c3e8628394d4ee247ed5",
        "type": "github"
      },
      "original": {
        "owner": "nix-community",
        "repo": "nixGL",
        "type": "github"
      }
    },
    "nixpkgs": {
      "locked": {
        "lastModified": 1768621446,
        "narHash": "sha256-6YwHV1cjv6arXdF/PQc365h1j+Qje3Pydk501Rm4Q+4=",
        "owner": "NixOS",
        "repo": "nixpkgs",
        "rev": "72ac591e737060deab2b86d6952babd1f896d7c5",
        "type": "github"
      },
      "original": {
        "owner": "NixOS",
        "ref": "nixos-25.11",
        "repo": "nixpkgs",
        "type": "github"
      }
    },
    "nixpkgs-unstable": {
      "locked": {
        "lastModified": 1768564909,
        "narHash": "sha256-Kell/SpJYVkHWMvnhqJz/8DqQg2b6PguxVWOuadbHCc=",
        "owner": "NixOS",
        "repo": "nixpkgs",
        "rev": "e4bae1bd10c9c57b2cf517953ab70060a828ee6f",
        "type": "github"
      },
      "original": {
        "owner": "NixOS",
        "ref": "nixos-unstable",
        "repo": "nixpkgs",
        "type": "github"
      }
    },
    "nur": {
      "inputs": {
        "flake-parts": "flake-parts",
        "nixpkgs": [
          "nixpkgs"
        ]
      },
      "locked": {
        "lastModified": 1768846903,
        "narHash": "sha256-Xv6N5Ac8SIRjnS7oIh/pi3yM6FNpOdNTtD2PeGj03Ho=",
        "owner": "nix-community",
        "repo": "NUR",
        "rev": "1cfee2590d09dfefb41af7825e96c319993d03ba",
        "type": "github"
      },
      "original": {
        "owner": "nix-community",
        "repo": "NUR",
        "type": "github"
      }
    },
    "nvim-config": {
      "flake": false,
      "locked": {
        "lastModified": 1768846782,
        "narHash": "sha256-V3K8ypVhNADNon17RfDnJx001qfrHEhk9ei8ZtmkUe0=",
        "owner": "Redskaber",
        "repo": "nvim-config",
        "rev": "3ec0b6f7501f54e4c9227e52b06de2b6109a000c",
        "type": "github"
      },
      "original": {
        "owner": "Redskaber",
        "repo": "nvim-config",
        "type": "github"
      }
    },
    "rofi-config": {
      "flake": false,
      "locked": {
        "lastModified": 1768418690,
        "narHash": "sha256-ADlEg8n3WSPR16QWNW2F5R7pfzBhgb6X1DIMK6lM7r0=",
        "owner": "Redskaber",
        "repo": "rofi-config",
        "rev": "51aa0c500a25632751fadc3e434d85f083d4d650",
        "type": "github"
      },
      "original": {
        "owner": "Redskaber",
        "repo": "rofi-config",
        "type": "github"
      }
    },
    "root": {
      "inputs": {
        "btop-config": "btop-config",
        "cava-config": "cava-config",
        "fastfetch-config": "fastfetch-config",
        "home-manager": "home-manager",
        "hypr-config": "hypr-config",
        "kitty-config": "kitty-config",
        "nixgl": "nixgl",
        "nixpkgs": "nixpkgs",
        "nixpkgs-unstable": "nixpkgs-unstable",
        "nur": "nur",
        "nvim-config": "nvim-config",
        "rofi-config": "rofi-config",
        "starship-config": "starship-config",
        "swaync-config": "swaync-config",
        "tmux-config": "tmux-config",
        "vscode-config": "vscode-config",
        "wallust-config": "wallust-config",
        "waybar-config": "waybar-config",
        "wezterm-config": "wezterm-config",
        "wlogout-config": "wlogout-config",
        "zen-browser": "zen-browser"
      }
    },
    "starship-config": {
      "flake": false,
      "locked": {
        "lastModified": 1767188527,
        "narHash": "sha256-/cuxbN33vteyA6PeA5hLf6e6qhQ3KufnAm+FhRDDEC8=",
        "owner": "Redskaber",
        "repo": "starship-config",
        "rev": "af95c0d1369d8da2ed7d7b1c4d68818d4bfd897d",
        "type": "github"
      },
      "original": {
        "owner": "Redskaber",
        "repo": "starship-config",
        "type": "github"
      }
    },
    "swaync-config": {
      "flake": false,
      "locked": {
        "lastModified": 1768419067,
        "narHash": "sha256-WhjdnSkwYgJlSEDj2OXqhy2SCNqGwQODiEWm+Rot/Zo=",
        "owner": "Redskaber",
        "repo": "swaync-config",
        "rev": "ec9e892d04f88d10d04a504639d238c3ccbc1e0b",
        "type": "github"
      },
      "original": {
        "owner": "Redskaber",
        "repo": "swaync-config",
        "type": "github"
      }
    },
    "systems": {
      "locked": {
        "lastModified": 1681028828,
        "narHash": "sha256-Vy1rq5AaRuLzOxct8nz4T6wlgyUR7zLU309k9mBC768=",
        "owner": "nix-systems",
        "repo": "default",
        "rev": "da67096a3b9bf56a91d16901293e51ba5b49a27e",
        "type": "github"
      },
      "original": {
        "owner": "nix-systems",
        "repo": "default",
        "type": "github"
      }
    },
    "tmux-config": {
      "flake": false,
      "locked": {
        "lastModified": 1768773514,
        "narHash": "sha256-/f4MCf+thdOYCT/qqQCIBHKDdxWqmyZdGVBWJCgfLXA=",
        "owner": "Redskaber",
        "repo": "tmux-config",
        "rev": "7bf781b5fc12348dbb1b3c3a95db02d71126e31f",
        "type": "github"
      },
      "original": {
        "owner": "Redskaber",
        "repo": "tmux-config",
        "type": "github"
      }
    },
    "vscode-config": {
      "flake": false,
      "locked": {
        "lastModified": 1767460221,
        "narHash": "sha256-ghHp7RPUxiHkdrh5v9MktNVygVa77uvIdpTWceh/DkI=",
        "owner": "Redskaber",
        "repo": "vscode-config",
        "rev": "3f7f43850ff4ea98697db6d5f533c7097f0bd08e",
        "type": "github"
      },
      "original": {
        "owner": "Redskaber",
        "repo": "vscode-config",
        "type": "github"
      }
    },
    "wallust-config": {
      "flake": false,
      "locked": {
        "lastModified": 1768419273,
        "narHash": "sha256-De+n7SQWVztXxZUVuvmfm8rizFmh6mTcOQSIBode8+I=",
        "owner": "Redskaber",
        "repo": "wallust-config",
        "rev": "f94c27112413219b5efca420e3464d3f25619936",
        "type": "github"
      },
      "original": {
        "owner": "Redskaber",
        "repo": "wallust-config",
        "type": "github"
      }
    },
    "waybar-config": {
      "flake": false,
      "locked": {
        "lastModified": 1768419496,
        "narHash": "sha256-WV4kBLVYeLUieByb+8gKvehzkADj5O8PyT8JV4cxo+4=",
        "owner": "Redskaber",
        "repo": "waybar-config",
        "rev": "6f8dec8d8ee393573208b95207de80b1d4eaf73b",
        "type": "github"
      },
      "original": {
        "owner": "Redskaber",
        "repo": "waybar-config",
        "type": "github"
      }
    },
    "wezterm-config": {
      "flake": false,
      "locked": {
        "lastModified": 1768059022,
        "narHash": "sha256-ZDyKtOKxM5wEiZdJmofJyUyo9/EhjmFqLPEQvInxXDw=",
        "owner": "Redskaber",
        "repo": "wezterm-config",
        "rev": "966e32e570ae41958c08c2b9bd20b760a0c4dc1c",
        "type": "github"
      },
      "original": {
        "owner": "Redskaber",
        "repo": "wezterm-config",
        "type": "github"
      }
    },
    "wlogout-config": {
      "flake": false,
      "locked": {
        "lastModified": 1768419646,
        "narHash": "sha256-x4iVDKUHWizSGVeCynpBnm3YeL/2Xg3OnjCz+qqVGX8=",
        "owner": "Redskaber",
        "repo": "wlogout-config",
        "rev": "8ca7da6d052b246b93749a49f24e21e0b59a83bc",
        "type": "github"
      },
      "original": {
        "owner": "Redskaber",
        "repo": "wlogout-config",
        "type": "github"
      }
    },
    "zen-browser": {
      "inputs": {
        "home-manager": [
          "home-manager"
        ],
        "nixpkgs": [
          "nixpkgs"
        ]
      },
      "locked": {
        "lastModified": 1768711359,
        "narHash": "sha256-3n2ixvAMWij1ZOh/KMJJqizX+sRU083wFR8pa6+IkyU=",
        "owner": "0xc000022070",
        "repo": "zen-browser-flake",
        "rev": "8c9e9425946f290fa60e0e6fd7b1464cbcdbc53e",
        "type": "github"
      },
      "original": {
        "owner": "0xc000022070",
        "repo": "zen-browser-flake",
        "type": "github"
      }
    }
  },
  "root": "root",
  "version": 7
}
